
Microsoft Visual Studio Solution File, Format Version 12.00
# Visual Studio Version 17
VisualStudioVersion = 17.0.32112.339
MinimumVisualStudioVersion = 10.0.40219.1
Project("{888888A0-9F3D-457C-B088-3A5042F75D52}") = "all_surface", "all_surface.pyproj", "{A2318E42-57CD-4A68-A7FF-AB23AC522074}"
EndProject
Global
	GlobalSection(SolutionConfigurationPlatforms) = preSolution
		Debug|Any CPU = Debug|Any CPU
		Release|Any CPU = Release|Any CPU
	EndGlobalSection
	GlobalSection(ProjectConfigurationPlatforms) = postSolution
		{A2318E42-57CD-4A68-A7FF-AB23AC522074}.Debug|Any CPU.ActiveCfg = Debug|Any CPU
		{A2318E42-57CD-4A68-A7FF-AB23AC522074}.Release|Any CPU.ActiveCfg = Release|Any CPU
	EndGlobalSection
	GlobalSection(SolutionProperties) = preSolution
		HideSolutionNode = FALSE
	EndGlobalSection
	GlobalSection(ExtensibilityGlobals) = postSolution
		SolutionGuid = {35DE048E-9176-4FC7-B929-00296EABED90}
	EndGlobalSection
EndGlobal
